<?xml version="1.0" encoding="UTF-8" standalone="yes" ?>
<CodeBlocks_project_file>
	<FileVersion major="1" minor="6" />
	<Project>
		<Option title="CB-Hello" />
		<Option pch_mode="2" />
		<Option compiler="microsoft_visual_c6" />
		<Build>
			<Target title="Debug">
				<Option platforms="Windows;" />
				<Option output="bin/Debug/CB-Hello" prefix_auto="1" extension_auto="1" />
				<Option object_output="obj/Debug/" />
				<Option type="1" />
				<Option compiler="microsoft_visual_c6" />
				<Option projectCompilerOptionsRelation="1" />
				<Compiler>
					<Add option="/MLd" />
					<Add option="/Gz" />
					<Add option="/GX" />
					<Add option="/Od" />
					<Add option="/W3" />
					<Add option="/Zi" />
					<Add option='/D&quot;WIN32&quot;' />
					<Add option='/D&quot;_DEBUG&quot;' />
					<Add option='/D&quot;_CONSOLE&quot;' />
					<Add option='/D&quot;_MBCS&quot;' />
				</Compiler>
				<Linker>
					<Add option="/DEBUG" />
					<Add library="kernel32.lib" />
					<Add library="user32.lib" />
					<Add library="gdi32.lib" />
				</Linker>
			</Target>
			<Target title="Release">
				<Option platforms="Windows;" />
				<Option output="bin/Release/CB-Hello" prefix_auto="1" extension_auto="1" />
				<Option object_output="obj/Release/" />
				<Option type="1" />
				<Option compiler="microsoft_visual_c6" />
				<Compiler>
					<Add option="/MD" />
					<Add option="/O2" />
					<Add option="/Og" />
					<Add option="-O2" />
				</Compiler>
			</Target>
		</Build>
		<Unit filename="../src/hello.c">
			<Option compilerVar="CC" />
		</Unit>
		<Extensions>
			<code_completion />
			<envvars />
			<debugger />
		</Extensions>
	</Project>
</CodeBlocks_project_file>
